
Microsoft Visual Studio Solution File, Format Version 12.00
# Visual Studio 2013
VisualStudioVersion = 12.0.40629.0
MinimumVisualStudioVersion = 10.0.40219.1
Project("{FAE04EC0-301F-11D3-BF4B-00C04F79EFBC}") = "SAPGuiAutomationLib", "SAPGuiAutomationLib\SAPGuiAutomationLib.csproj", "{ABD06D1D-77F8-43C3-AE67-BB3FD71807B4}"
EndProject
Project("{FAE04EC0-301F-11D3-BF4B-00C04F79EFBC}") = "SAPGuiAutomationLib.Test", "SAPGuiAutomationLib.Test\SAPGuiAutomationLib.Test.csproj", "{0DD4D65B-7950-4146-A3D2-83DDB96C8D28}"
EndProject
Project("{FAE04EC0-301F-11D3-BF4B-00C04F79EFBC}") = "SAPGuiAutomationLibTest", "SAPGuiAutomationLib.Console\SAPGuiAutomationLibTest.csproj", "{3EE86427-725B-4F36-B855-560AF157910F}"
EndProject
Project("{FAE04EC0-301F-11D3-BF4B-00C04F79EFBC}") = "SAPTestRunTime", "SAPTestForRunTime\SAPTestRunTime.csproj", "{5631060E-3925-4E06-BDBC-A6B39EA54117}"
EndProject
Project("{FAE04EC0-301F-11D3-BF4B-00C04F79EFBC}") = "LibTest", "LibTest\LibTest.csproj", "{83593BC9-D0F9-475F-A72E-67E135516097}"
EndProject
Project("{FAE04EC0-301F-11D3-BF4B-00C04F79EFBC}") = "SAPLibTools", "SAPLibTools\SAPLibTools.csproj", "{DC3BA7EE-2D19-4ED5-ADF4-37318C58F396}"
EndProject
Project("{FAE04EC0-301F-11D3-BF4B-00C04F79EFBC}") = "SAPAutomation", "SAPAutomation\SAPAutomation.csproj", "{932A714B-D806-4986-8B3B-AE2432F92992}"
EndProject
Global
	GlobalSection(SolutionConfigurationPlatforms) = preSolution
		Debug|Any CPU = Debug|Any CPU
		Release|Any CPU = Release|Any CPU
	EndGlobalSection
	GlobalSection(ProjectConfigurationPlatforms) = postSolution
		{ABD06D1D-77F8-43C3-AE67-BB3FD71807B4}.Debug|Any CPU.ActiveCfg = Debug|Any CPU
		{ABD06D1D-77F8-43C3-AE67-BB3FD71807B4}.Debug|Any CPU.Build.0 = Debug|Any CPU
		{ABD06D1D-77F8-43C3-AE67-BB3FD71807B4}.Release|Any CPU.ActiveCfg = Release|Any CPU
		{ABD06D1D-77F8-43C3-AE67-BB3FD71807B4}.Release|Any CPU.Build.0 = Release|Any CPU
		{0DD4D65B-7950-4146-A3D2-83DDB96C8D28}.Debug|Any CPU.ActiveCfg = Debug|Any CPU
		{0DD4D65B-7950-4146-A3D2-83DDB96C8D28}.Debug|Any CPU.Build.0 = Debug|Any CPU
		{0DD4D65B-7950-4146-A3D2-83DDB96C8D28}.Release|Any CPU.ActiveCfg = Release|Any CPU
		{0DD4D65B-7950-4146-A3D2-83DDB96C8D28}.Release|Any CPU.Build.0 = Release|Any CPU
		{3EE86427-725B-4F36-B855-560AF157910F}.Debug|Any CPU.ActiveCfg = Debug|Any CPU
		{3EE86427-725B-4F36-B855-560AF157910F}.Debug|Any CPU.Build.0 = Debug|Any CPU
		{3EE86427-725B-4F36-B855-560AF157910F}.Release|Any CPU.ActiveCfg = Release|Any CPU
		{3EE86427-725B-4F36-B855-560AF157910F}.Release|Any CPU.Build.0 = Release|Any CPU
		{5631060E-3925-4E06-BDBC-A6B39EA54117}.Debug|Any CPU.ActiveCfg = Debug|Any CPU
		{5631060E-3925-4E06-BDBC-A6B39EA54117}.Debug|Any CPU.Build.0 = Debug|Any CPU
		{5631060E-3925-4E06-BDBC-A6B39EA54117}.Release|Any CPU.ActiveCfg = Release|Any CPU
		{5631060E-3925-4E06-BDBC-A6B39EA54117}.Release|Any CPU.Build.0 = Release|Any CPU
		{83593BC9-D0F9-475F-A72E-67E135516097}.Debug|Any CPU.ActiveCfg = Debug|Any CPU
		{83593BC9-D0F9-475F-A72E-67E135516097}.Debug|Any CPU.Build.0 = Debug|Any CPU
		{83593BC9-D0F9-475F-A72E-67E135516097}.Release|Any CPU.ActiveCfg = Release|Any CPU
		{83593BC9-D0F9-475F-A72E-67E135516097}.Release|Any CPU.Build.0 = Release|Any CPU
		{DC3BA7EE-2D19-4ED5-ADF4-37318C58F396}.Debug|Any CPU.ActiveCfg = Debug|Any CPU
		{DC3BA7EE-2D19-4ED5-ADF4-37318C58F396}.Debug|Any CPU.Build.0 = Debug|Any CPU
		{DC3BA7EE-2D19-4ED5-ADF4-37318C58F396}.Release|Any CPU.ActiveCfg = Release|Any CPU
		{DC3BA7EE-2D19-4ED5-ADF4-37318C58F396}.Release|Any CPU.Build.0 = Release|Any CPU
		{932A714B-D806-4986-8B3B-AE2432F92992}.Debug|Any CPU.ActiveCfg = Debug|Any CPU
		{932A714B-D806-4986-8B3B-AE2432F92992}.Debug|Any CPU.Build.0 = Debug|Any CPU
		{932A714B-D806-4986-8B3B-AE2432F92992}.Release|Any CPU.ActiveCfg = Release|Any CPU
		{932A714B-D806-4986-8B3B-AE2432F92992}.Release|Any CPU.Build.0 = Release|Any CPU
	EndGlobalSection
	GlobalSection(SolutionProperties) = preSolution
		HideSolutionNode = FALSE
	EndGlobalSection
EndGlobal
